// !$*UTF8*$!
{
	archiveVersion = 1;
	classes = {
	};
	objectVersion = 50;
	objects = {

/* Begin PBXBuildFile section */
		592DBA412602E5B400AA650A /* AppDelegate.swift in Sources */ = {isa = PBXBuildFile; fileRef = 592DBA402602E5B400AA650A /* AppDelegate.swift */; };
		592DBA432602E5B400AA650A /* ViewController.swift in Sources */ = {isa = PBXBuildFile; fileRef = 592DBA422602E5B400AA650A /* ViewController.swift */; };
		592DBA462602E5B400AA650A /* Main.storyboard in Resources */ = {isa = PBXBuildFile; fileRef = 592DBA442602E5B400AA650A /* Main.storyboard */; };
		592DBA482602E5B600AA650A /* Assets.xcassets in Resources */ = {isa = PBXBuildFile; fileRef = 592DBA472602E5B600AA650A /* Assets.xcassets */; };
		592DBA4B2602E5B600AA650A /* LaunchScreen.storyboard in Resources */ = {isa = PBXBuildFile; fileRef = 592DBA492602E5B600AA650A /* LaunchScreen.storyboard */; };
		59CDB2B5260363BA002C8B99 /* Viagem.swift in Sources */ = {isa = PBXBuildFile; fileRef = 59CDB2B4260363BA002C8B99 /* Viagem.swift */; };
		59CDB2B92603665E002C8B99 /* ViagemDAO.swift in Sources */ = {isa = PBXBuildFile; fileRef = 59CDB2B82603665E002C8B99 /* ViagemDAO.swift */; };
		59CDB2BB26036A9E002C8B99 /* TableViewCell.swift in Sources */ = {isa = PBXBuildFile; fileRef = 59CDB2BA26036A9E002C8B99 /* TableViewCell.swift */; };
		59CDB2D02603DB9A002C8B99 /* PacotesViagensViewController.swift in Sources */ = {isa = PBXBuildFile; fileRef = 59CDB2CF2603DB9A002C8B99 /* PacotesViagensViewController.swift */; };
		59CDB2D22603DD63002C8B99 /* PacoteViagemCollectionViewCell.swift in Sources */ = {isa = PBXBuildFile; fileRef = 59CDB2D12603DD63002C8B99 /* PacoteViagemCollectionViewCell.swift */; };
		59E58DEE2604CCB800B7BE58 /* DetalhesViagensViewController.swift in Sources */ = {isa = PBXBuildFile; fileRef = 59E58DED2604CCB800B7BE58 /* DetalhesViagensViewController.swift */; };
		59E58DF02604EA4400B7BE58 /* PacoteViagem.swift in Sources */ = {isa = PBXBuildFile; fileRef = 59E58DEF2604EA4400B7BE58 /* PacoteViagem.swift */; };
		59E58DF32604ECB400B7BE58 /* PacoteViagemDAO.swift in Sources */ = {isa = PBXBuildFile; fileRef = 59E58DF22604ECB400B7BE58 /* PacoteViagemDAO.swift */; };
		59E58E062604ECEC00B7BE58 /* icon_back.png in Resources */ = {isa = PBXBuildFile; fileRef = 59E58DF52604ECEC00B7BE58 /* icon_back.png */; };
		59E58E072604ECEC00B7BE58 /* icon_search@2x.png in Resources */ = {isa = PBXBuildFile; fileRef = 59E58DF62604ECEC00B7BE58 /* icon_search@2x.png */; };
		59E58E082604ECEC00B7BE58 /* icon_package@2x.png in Resources */ = {isa = PBXBuildFile; fileRef = 59E58DF72604ECEC00B7BE58 /* icon_package@2x.png */; };
		59E58E092604ECEC00B7BE58 /* img9.jpg in Resources */ = {isa = PBXBuildFile; fileRef = 59E58DF82604ECEC00B7BE58 /* img9.jpg */; };
		59E58E0A2604ECEC00B7BE58 /* img8.jpg in Resources */ = {isa = PBXBuildFile; fileRef = 59E58DF92604ECEC00B7BE58 /* img8.jpg */; };
		59E58E0B2604ECEC00B7BE58 /* icon_airplane.png in Resources */ = {isa = PBXBuildFile; fileRef = 59E58DFA2604ECEC00B7BE58 /* icon_airplane.png */; };
		59E58E0C2604ECEC00B7BE58 /* img5.jpg in Resources */ = {isa = PBXBuildFile; fileRef = 59E58DFB2604ECEC00B7BE58 /* img5.jpg */; };
		59E58E0D2604ECEC00B7BE58 /* img4.jpg in Resources */ = {isa = PBXBuildFile; fileRef = 59E58DFC2604ECEC00B7BE58 /* img4.jpg */; };
		59E58E0E2604ECEC00B7BE58 /* img6.jpg in Resources */ = {isa = PBXBuildFile; fileRef = 59E58DFD2604ECEC00B7BE58 /* img6.jpg */; };
		59E58E0F2604ECEC00B7BE58 /* img7.jpg in Resources */ = {isa = PBXBuildFile; fileRef = 59E58DFE2604ECEC00B7BE58 /* img7.jpg */; };
		59E58E102604ECEC00B7BE58 /* img3.jpg in Resources */ = {isa = PBXBuildFile; fileRef = 59E58DFF2604ECEC00B7BE58 /* img3.jpg */; };
		59E58E112604ECEC00B7BE58 /* img2.jpg in Resources */ = {isa = PBXBuildFile; fileRef = 59E58E002604ECEC00B7BE58 /* img2.jpg */; };
		59E58E122604ECEC00B7BE58 /* icon_breakfast.png in Resources */ = {isa = PBXBuildFile; fileRef = 59E58E012604ECEC00B7BE58 /* icon_breakfast.png */; };
		59E58E132604ECEC00B7BE58 /* img1.png in Resources */ = {isa = PBXBuildFile; fileRef = 59E58E022604ECEC00B7BE58 /* img1.png */; };
		59E58E142604ECEC00B7BE58 /* img11.jpg in Resources */ = {isa = PBXBuildFile; fileRef = 59E58E032604ECEC00B7BE58 /* img11.jpg */; };
		59E58E152604ECEC00B7BE58 /* img10.jpg in Resources */ = {isa = PBXBuildFile; fileRef = 59E58E042604ECEC00B7BE58 /* img10.jpg */; };
		59E58E162604ECEC00B7BE58 /* icon_hotel.png in Resources */ = {isa = PBXBuildFile; fileRef = 59E58E052604ECEC00B7BE58 /* icon_hotel.png */; };
/* End PBXBuildFile section */

/* Begin PBXFileReference section */
		592DBA3D2602E5B400AA650A /* Alura Viagens.app */ = {isa = PBXFileReference; explicitFileType = wrapper.application; includeInIndex = 0; path = "Alura Viagens.app"; sourceTree = BUILT_PRODUCTS_DIR; };
		592DBA402602E5B400AA650A /* AppDelegate.swift */ = {isa = PBXFileReference; lastKnownFileType = sourcecode.swift; path = AppDelegate.swift; sourceTree = "<group>"; };
		592DBA422602E5B400AA650A /* ViewController.swift */ = {isa = PBXFileReference; lastKnownFileType = sourcecode.swift; path = ViewController.swift; sourceTree = "<group>"; };
		592DBA452602E5B400AA650A /* Base */ = {isa = PBXFileReference; lastKnownFileType = file.storyboard; name = Base; path = Base.lproj/Main.storyboard; sourceTree = "<group>"; };
		592DBA472602E5B600AA650A /* Assets.xcassets */ = {isa = PBXFileReference; lastKnownFileType = folder.assetcatalog; path = Assets.xcassets; sourceTree = "<group>"; };
		592DBA4A2602E5B600AA650A /* Base */ = {isa = PBXFileReference; lastKnownFileType = file.storyboard; name = Base; path = Base.lproj/LaunchScreen.storyboard; sourceTree = "<group>"; };
		592DBA4C2602E5B600AA650A /* Info.plist */ = {isa = PBXFileReference; lastKnownFileType = text.plist.xml; path = Info.plist; sourceTree = "<group>"; };
		59CDB2B4260363BA002C8B99 /* Viagem.swift */ = {isa = PBXFileReference; lastKnownFileType = sourcecode.swift; path = Viagem.swift; sourceTree = "<group>"; };
		59CDB2B82603665E002C8B99 /* ViagemDAO.swift */ = {isa = PBXFileReference; fileEncoding = 4; lastKnownFileType = sourcecode.swift; path = ViagemDAO.swift; sourceTree = "<group>"; };
		59CDB2BA26036A9E002C8B99 /* TableViewCell.swift */ = {isa = PBXFileReference; lastKnownFileType = sourcecode.swift; path = TableViewCell.swift; sourceTree = "<group>"; };
		59CDB2CF2603DB9A002C8B99 /* PacotesViagensViewController.swift */ = {isa = PBXFileReference; lastKnownFileType = sourcecode.swift; path = PacotesViagensViewController.swift; sourceTree = "<group>"; };
		59CDB2D12603DD63002C8B99 /* PacoteViagemCollectionViewCell.swift */ = {isa = PBXFileReference; lastKnownFileType = sourcecode.swift; path = PacoteViagemCollectionViewCell.swift; sourceTree = "<group>"; };
		59E58DED2604CCB800B7BE58 /* DetalhesViagensViewController.swift */ = {isa = PBXFileReference; lastKnownFileType = sourcecode.swift; path = DetalhesViagensViewController.swift; sourceTree = "<group>"; };
		59E58DEF2604EA4400B7BE58 /* PacoteViagem.swift */ = {isa = PBXFileReference; lastKnownFileType = sourcecode.swift; path = PacoteViagem.swift; sourceTree = "<group>"; };
		59E58DF22604ECB400B7BE58 /* PacoteViagemDAO.swift */ = {isa = PBXFileReference; fileEncoding = 4; lastKnownFileType = sourcecode.swift; name = PacoteViagemDAO.swift; path = "Alura Viagens/PacoteViagemDAO/PacoteViagemDAO.swift"; sourceTree = SOURCE_ROOT; };
		59E58DF52604ECEC00B7BE58 /* icon_back.png */ = {isa = PBXFileReference; lastKnownFileType = image.png; path = icon_back.png; sourceTree = "<group>"; };
		59E58DF62604ECEC00B7BE58 /* icon_search@2x.png */ = {isa = PBXFileReference; lastKnownFileType = image.png; path = "icon_search@2x.png"; sourceTree = "<group>"; };
		59E58DF72604ECEC00B7BE58 /* icon_package@2x.png */ = {isa = PBXFileReference; lastKnownFileType = image.png; path = "icon_package@2x.png"; sourceTree = "<group>"; };
		59E58DF82604ECEC00B7BE58 /* img9.jpg */ = {isa = PBXFileReference; lastKnownFileType = image.jpeg; path = img9.jpg; sourceTree = "<group>"; };
		59E58DF92604ECEC00B7BE58 /* img8.jpg */ = {isa = PBXFileReference; lastKnownFileType = image.jpeg; path = img8.jpg; sourceTree = "<group>"; };
		59E58DFA2604ECEC00B7BE58 /* icon_airplane.png */ = {isa = PBXFileReference; lastKnownFileType = image.png; path = icon_airplane.png; sourceTree = "<group>"; };
		59E58DFB2604ECEC00B7BE58 /* img5.jpg */ = {isa = PBXFileReference; lastKnownFileType = image.jpeg; path = img5.jpg; sourceTree = "<group>"; };
		59E58DFC2604ECEC00B7BE58 /* img4.jpg */ = {isa = PBXFileReference; lastKnownFileType = image.jpeg; path = img4.jpg; sourceTree = "<group>"; };
		59E58DFD2604ECEC00B7BE58 /* img6.jpg */ = {isa = PBXFileReference; lastKnownFileType = image.jpeg; path = img6.jpg; sourceTree = "<group>"; };
		59E58DFE2604ECEC00B7BE58 /* img7.jpg */ = {isa = PBXFileReference; lastKnownFileType = image.jpeg; path = img7.jpg; sourceTree = "<group>"; };
		59E58DFF2604ECEC00B7BE58 /* img3.jpg */ = {isa = PBXFileReference; lastKnownFileType = image.jpeg; path = img3.jpg; sourceTree = "<group>"; };
		59E58E002604ECEC00B7BE58 /* img2.jpg */ = {isa = PBXFileReference; lastKnownFileType = image.jpeg; path = img2.jpg; sourceTree = "<group>"; };
		59E58E012604ECEC00B7BE58 /* icon_breakfast.png */ = {isa = PBXFileReference; lastKnownFileType = image.png; path = icon_breakfast.png; sourceTree = "<group>"; };
		59E58E022604ECEC00B7BE58 /* img1.png */ = {isa = PBXFileReference; lastKnownFileType = image.png; path = img1.png; sourceTree = "<group>"; };
		59E58E032604ECEC00B7BE58 /* img11.jpg */ = {isa = PBXFileReference; lastKnownFileType = image.jpeg; path = img11.jpg; sourceTree = "<group>"; };
		59E58E042604ECEC00B7BE58 /* img10.jpg */ = {isa = PBXFileReference; lastKnownFileType = image.jpeg; path = img10.jpg; sourceTree = "<group>"; };
		59E58E052604ECEC00B7BE58 /* icon_hotel.png */ = {isa = PBXFileReference; lastKnownFileType = image.png; path = icon_hotel.png; sourceTree = "<group>"; };
/* End PBXFileReference section */

/* Begin PBXFrameworksBuildPhase section */
		592DBA3A2602E5B400AA650A /* Frameworks */ = {
			isa = PBXFrameworksBuildPhase;
			buildActionMask = 2147483647;
			files = (
			);
			runOnlyForDeploymentPostprocessing = 0;
		};
/* End PBXFrameworksBuildPhase section */

/* Begin PBXGroup section */
		592DBA342602E5B400AA650A = {
			isa = PBXGroup;
			children = (
				592DBA3F2602E5B400AA650A /* Alura Viagens */,
				592DBA3E2602E5B400AA650A /* Products */,
			);
			sourceTree = "<group>";
		};
		592DBA3E2602E5B400AA650A /* Products */ = {
			isa = PBXGroup;
			children = (
				592DBA3D2602E5B400AA650A /* Alura Viagens.app */,
			);
			name = Products;
			sourceTree = "<group>";
		};
		592DBA3F2602E5B400AA650A /* Alura Viagens */ = {
			isa = PBXGroup;
			children = (
				592DBA402602E5B400AA650A /* AppDelegate.swift */,
				59CDB2C726037B05002C8B99 /* Model */,
				59CDB2C826037B48002C8B99 /* Home */,
				59CDB2CC2603DB12002C8B99 /* Pacotes */,
				59E58DEA2604CC0300B7BE58 /* DetalhesViagem */,
				59CDB2CB26037BDB002C8B99 /* ViagemDAO */,
				59E58DF42604ECEC00B7BE58 /* Assets */,
				592DBA442602E5B400AA650A /* Main.storyboard */,
				592DBA472602E5B600AA650A /* Assets.xcassets */,
				592DBA492602E5B600AA650A /* LaunchScreen.storyboard */,
				592DBA4C2602E5B600AA650A /* Info.plist */,
			);
			path = "Alura Viagens";
			sourceTree = "<group>";
		};
		59CDB2C726037B05002C8B99 /* Model */ = {
			isa = PBXGroup;
			children = (
				59CDB2B4260363BA002C8B99 /* Viagem.swift */,
				59E58DEF2604EA4400B7BE58 /* PacoteViagem.swift */,
			);
			path = Model;
			sourceTree = "<group>";
		};
		59CDB2C826037B48002C8B99 /* Home */ = {
			isa = PBXGroup;
			children = (
				59CDB2C926037BA3002C8B99 /* Controller */,
				59CDB2CA26037BB2002C8B99 /* View */,
			);
			path = Home;
			sourceTree = "<group>";
		};
		59CDB2C926037BA3002C8B99 /* Controller */ = {
			isa = PBXGroup;
			children = (
				592DBA422602E5B400AA650A /* ViewController.swift */,
			);
			path = Controller;
			sourceTree = "<group>";
		};
		59CDB2CA26037BB2002C8B99 /* View */ = {
			isa = PBXGroup;
			children = (
				59CDB2BA26036A9E002C8B99 /* TableViewCell.swift */,
			);
			path = View;
			sourceTree = "<group>";
		};
		59CDB2CB26037BDB002C8B99 /* ViagemDAO */ = {
			isa = PBXGroup;
			children = (
				59E58DF22604ECB400B7BE58 /* PacoteViagemDAO.swift */,
				59CDB2B82603665E002C8B99 /* ViagemDAO.swift */,
			);
			path = ViagemDAO;
			sourceTree = "<group>";
		};
		59CDB2CC2603DB12002C8B99 /* Pacotes */ = {
			isa = PBXGroup;
			children = (
				59CDB2CD2603DB43002C8B99 /* Controller */,
				59CDB2CE2603DB50002C8B99 /* View */,
			);
			path = Pacotes;
			sourceTree = "<group>";
		};
		59CDB2CD2603DB43002C8B99 /* Controller */ = {
			isa = PBXGroup;
			children = (
				59CDB2CF2603DB9A002C8B99 /* PacotesViagensViewController.swift */,
			);
			path = Controller;
			sourceTree = "<group>";
		};
		59CDB2CE2603DB50002C8B99 /* View */ = {
			isa = PBXGroup;
			children = (
				59CDB2D12603DD63002C8B99 /* PacoteViagemCollectionViewCell.swift */,
			);
			path = View;
			sourceTree = "<group>";
		};
		59E58DEA2604CC0300B7BE58 /* DetalhesViagem */ = {
			isa = PBXGroup;
			children = (
				59E58DEB2604CC3500B7BE58 /* View */,
				59E58DEC2604CC7800B7BE58 /* Controller */,
			);
			path = DetalhesViagem;
			sourceTree = "<group>";
		};
		59E58DEB2604CC3500B7BE58 /* View */ = {
			isa = PBXGroup;
			children = (
			);
			path = View;
			sourceTree = "<group>";
		};
		59E58DEC2604CC7800B7BE58 /* Controller */ = {
			isa = PBXGroup;
			children = (
				59E58DED2604CCB800B7BE58 /* DetalhesViagensViewController.swift */,
			);
			path = Controller;
			sourceTree = "<group>";
		};
		59E58DF42604ECEC00B7BE58 /* Assets */ = {
			isa = PBXGroup;
			children = (
				59E58DF52604ECEC00B7BE58 /* icon_back.png */,
				59E58DF62604ECEC00B7BE58 /* icon_search@2x.png */,
				59E58DF72604ECEC00B7BE58 /* icon_package@2x.png */,
				59E58DF82604ECEC00B7BE58 /* img9.jpg */,
				59E58DF92604ECEC00B7BE58 /* img8.jpg */,
				59E58DFA2604ECEC00B7BE58 /* icon_airplane.png */,
				59E58DFB2604ECEC00B7BE58 /* img5.jpg */,
				59E58DFC2604ECEC00B7BE58 /* img4.jpg */,
				59E58DFD2604ECEC00B7BE58 /* img6.jpg */,
				59E58DFE2604ECEC00B7BE58 /* img7.jpg */,
				59E58DFF2604ECEC00B7BE58 /* img3.jpg */,
				59E58E002604ECEC00B7BE58 /* img2.jpg */,
				59E58E012604ECEC00B7BE58 /* icon_breakfast.png */,
				59E58E022604ECEC00B7BE58 /* img1.png */,
				59E58E032604ECEC00B7BE58 /* img11.jpg */,
				59E58E042604ECEC00B7BE58 /* img10.jpg */,
				59E58E052604ECEC00B7BE58 /* icon_hotel.png */,
			);
			name = Assets;
			path = "Alura Viagens/PacoteViagemDAO/Assets";
			sourceTree = SOURCE_ROOT;
		};
/* End PBXGroup section */

/* Begin PBXNativeTarget section */
		592DBA3C2602E5B400AA650A /* Alura Viagens */ = {
			isa = PBXNativeTarget;
			buildConfigurationList = 592DBA4F2602E5B600AA650A /* Build configuration list for PBXNativeTarget "Alura Viagens" */;
			buildPhases = (
				592DBA392602E5B400AA650A /* Sources */,
				592DBA3A2602E5B400AA650A /* Frameworks */,
				592DBA3B2602E5B400AA650A /* Resources */,
			);
			buildRules = (
			);
			dependencies = (
			);
			name = "Alura Viagens";
			productName = "Alura Viagens";
			productReference = 592DBA3D2602E5B400AA650A /* Alura Viagens.app */;
			productType = "com.apple.product-type.application";
		};
/* End PBXNativeTarget section */

/* Begin PBXProject section */
		592DBA352602E5B400AA650A /* Project object */ = {
			isa = PBXProject;
			attributes = {
				LastSwiftUpdateCheck = 1010;
				LastUpgradeCheck = 1010;
				ORGANIZATIONNAME = Alura;
				TargetAttributes = {
					592DBA3C2602E5B400AA650A = {
						CreatedOnToolsVersion = 10.1;
					};
				};
			};
			buildConfigurationList = 592DBA382602E5B400AA650A /* Build configuration list for PBXProject "Alura Viagens" */;
			compatibilityVersion = "Xcode 9.3";
			developmentRegion = en;
			hasScannedForEncodings = 0;
			knownRegions = (
				en,
				Base,
			);
			mainGroup = 592DBA342602E5B400AA650A;
			productRefGroup = 592DBA3E2602E5B400AA650A /* Products */;
			projectDirPath = "";
			projectRoot = "";
			targets = (
				592DBA3C2602E5B400AA650A /* Alura Viagens */,
			);
		};
/* End PBXProject section */

/* Begin PBXResourcesBuildPhase section */
		592DBA3B2602E5B400AA650A /* Resources */ = {
			isa = PBXResourcesBuildPhase;
			buildActionMask = 2147483647;
			files = (
				59E58E122604ECEC00B7BE58 /* icon_breakfast.png in Resources */,
				59E58E082604ECEC00B7BE58 /* icon_package@2x.png in Resources */,
				59E58E112604ECEC00B7BE58 /* img2.jpg in Resources */,
				59E58E0D2604ECEC00B7BE58 /* img4.jpg in Resources */,
				59E58E0C2604ECEC00B7BE58 /* img5.jpg in Resources */,
				59E58E102604ECEC00B7BE58 /* img3.jpg in Resources */,
				592DBA4B2602E5B600AA650A /* LaunchScreen.storyboard in Resources */,
				59E58E132604ECEC00B7BE58 /* img1.png in Resources */,
				59E58E062604ECEC00B7BE58 /* icon_back.png in Resources */,
				592DBA482602E5B600AA650A /* Assets.xcassets in Resources */,
				59E58E0A2604ECEC00B7BE58 /* img8.jpg in Resources */,
				59E58E0F2604ECEC00B7BE58 /* img7.jpg in Resources */,
				592DBA462602E5B400AA650A /* Main.storyboard in Resources */,
				59E58E152604ECEC00B7BE58 /* img10.jpg in Resources */,
				59E58E072604ECEC00B7BE58 /* icon_search@2x.png in Resources */,
				59E58E0B2604ECEC00B7BE58 /* icon_airplane.png in Resources */,
				59E58E0E2604ECEC00B7BE58 /* img6.jpg in Resources */,
				59E58E162604ECEC00B7BE58 /* icon_hotel.png in Resources */,
				59E58E092604ECEC00B7BE58 /* img9.jpg in Resources */,
				59E58E142604ECEC00B7BE58 /* img11.jpg in Resources */,
			);
			runOnlyForDeploymentPostprocessing = 0;
		};
/* End PBXResourcesBuildPhase section */

/* Begin PBXSourcesBuildPhase section */
		592DBA392602E5B400AA650A /* Sources */ = {
			isa = PBXSourcesBuildPhase;
			buildActionMask = 2147483647;
			files = (
				59CDB2BB26036A9E002C8B99 /* TableViewCell.swift in Sources */,
				592DBA432602E5B400AA650A /* ViewController.swift in Sources */,
				59CDB2B5260363BA002C8B99 /* Viagem.swift in Sources */,
				592DBA412602E5B400AA650A /* AppDelegate.swift in Sources */,
				59E58DEE2604CCB800B7BE58 /* DetalhesViagensViewController.swift in Sources */,
				59E58DF32604ECB400B7BE58 /* PacoteViagemDAO.swift in Sources */,
				59CDB2D02603DB9A002C8B99 /* PacotesViagensViewController.swift in Sources */,
				59CDB2D22603DD63002C8B99 /* PacoteViagemCollectionViewCell.swift in Sources */,
				59CDB2B92603665E002C8B99 /* ViagemDAO.swift in Sources */,
				59E58DF02604EA4400B7BE58 /* PacoteViagem.swift in Sources */,
			);
			runOnlyForDeploymentPostprocessing = 0;
		};
/* End PBXSourcesBuildPhase section */

/* Begin PBXVariantGroup section */
		592DBA442602E5B400AA650A /* Main.storyboard */ = {
			isa = PBXVariantGroup;
			children = (
				592DBA452602E5B400AA650A /* Base */,
			);
			name = Main.storyboard;
			sourceTree = "<group>";
		};
		592DBA492602E5B600AA650A /* LaunchScreen.storyboard */ = {
			isa = PBXVariantGroup;
			children = (
				592DBA4A2602E5B600AA650A /* Base */,
			);
			name = LaunchScreen.storyboard;
			sourceTree = "<group>";
		};
/* End PBXVariantGroup section */

/* Begin XCBuildConfiguration section */
		592DBA4D2602E5B600AA650A /* Debug */ = {
			isa = XCBuildConfiguration;
			buildSettings = {
				ALWAYS_SEARCH_USER_PATHS = NO;
				CLANG_ANALYZER_NONNULL = YES;
				CLANG_ANALYZER_NUMBER_OBJECT_CONVERSION = YES_AGGRESSIVE;
				CLANG_CXX_LANGUAGE_STANDARD = "gnu++14";
				CLANG_CXX_LIBRARY = "libc++";
				CLANG_ENABLE_MODULES = YES;
				CLANG_ENABLE_OBJC_ARC = YES;
				CLANG_ENABLE_OBJC_WEAK = YES;
				CLANG_WARN_BLOCK_CAPTURE_AUTORELEASING = YES;
				CLANG_WARN_BOOL_CONVERSION = YES;
				CLANG_WARN_COMMA = YES;
				CLANG_WARN_CONSTANT_CONVERSION = YES;
				CLANG_WARN_DEPRECATED_OBJC_IMPLEMENTATIONS = YES;
				CLANG_WARN_DIRECT_OBJC_ISA_USAGE = YES_ERROR;
				CLANG_WARN_DOCUMENTATION_COMMENTS = YES;
				CLANG_WARN_EMPTY_BODY = YES;
				CLANG_WARN_ENUM_CONVERSION = YES;
				CLANG_WARN_INFINITE_RECURSION = YES;
				CLANG_WARN_INT_CONVERSION = YES;
				CLANG_WARN_NON_LITERAL_NULL_CONVERSION = YES;
				CLANG_WARN_OBJC_IMPLICIT_RETAIN_SELF = YES;
				CLANG_WARN_OBJC_LITERAL_CONVERSION = YES;
				CLANG_WARN_OBJC_ROOT_CLASS = YES_ERROR;
				CLANG_WARN_RANGE_LOOP_ANALYSIS = YES;
				CLANG_WARN_STRICT_PROTOTYPES = YES;
				CLANG_WARN_SUSPICIOUS_MOVE = YES;
				CLANG_WARN_UNGUARDED_AVAILABILITY = YES_AGGRESSIVE;
				CLANG_WARN_UNREACHABLE_CODE = YES;
				CLANG_WARN__DUPLICATE_METHOD_MATCH = YES;
				CODE_SIGN_IDENTITY = "iPhone Developer";
				COPY_PHASE_STRIP = NO;
				DEBUG_INFORMATION_FORMAT = dwarf;
				ENABLE_STRICT_OBJC_MSGSEND = YES;
				ENABLE_TESTABILITY = YES;
				GCC_C_LANGUAGE_STANDARD = gnu11;
				GCC_DYNAMIC_NO_PIC = NO;
				GCC_NO_COMMON_BLOCKS = YES;
				GCC_OPTIMIZATION_LEVEL = 0;
				GCC_PREPROCESSOR_DEFINITIONS = (
					"DEBUG=1",
					"$(inherited)",
				);
				GCC_WARN_64_TO_32_BIT_CONVERSION = YES;
				GCC_WARN_ABOUT_RETURN_TYPE = YES_ERROR;
				GCC_WARN_UNDECLARED_SELECTOR = YES;
				GCC_WARN_UNINITIALIZED_AUTOS = YES_AGGRESSIVE;
				GCC_WARN_UNUSED_FUNCTION = YES;
				GCC_WARN_UNUSED_VARIABLE = YES;
				IPHONEOS_DEPLOYMENT_TARGET = 12.1;
				MTL_ENABLE_DEBUG_INFO = INCLUDE_SOURCE;
				MTL_FAST_MATH = YES;
				ONLY_ACTIVE_ARCH = YES;
				SDKROOT = iphoneos;
				SWIFT_ACTIVE_COMPILATION_CONDITIONS = DEBUG;
				SWIFT_OPTIMIZATION_LEVEL = "-Onone";
			};
			name = Debug;
		};
		592DBA4E2602E5B600AA650A /* Release */ = {
			isa = XCBuildConfiguration;
			buildSettings = {
				ALWAYS_SEARCH_USER_PATHS = NO;
				CLANG_ANALYZER_NONNULL = YES;
				CLANG_ANALYZER_NUMBER_OBJECT_CONVERSION = YES_AGGRESSIVE;
				CLANG_CXX_LANGUAGE_STANDARD = "gnu++14";
				CLANG_CXX_LIBRARY = "libc++";
				CLANG_ENABLE_MODULES = YES;
				CLANG_ENABLE_OBJC_ARC = YES;
				CLANG_ENABLE_OBJC_WEAK = YES;
				CLANG_WARN_BLOCK_CAPTURE_AUTORELEASING = YES;
				CLANG_WARN_BOOL_CONVERSION = YES;
				CLANG_WARN_COMMA = YES;
				CLANG_WARN_CONSTANT_CONVERSION = YES;
				CLANG_WARN_DEPRECATED_OBJC_IMPLEMENTATIONS = YES;
				CLANG_WARN_DIRECT_OBJC_ISA_USAGE = YES_ERROR;
				CLANG_WARN_DOCUMENTATION_COMMENTS = YES;
				CLANG_WARN_EMPTY_BODY = YES;
				CLANG_WARN_ENUM_CONVERSION = YES;
				CLANG_WARN_INFINITE_RECURSION = YES;
				CLANG_WARN_INT_CONVERSION = YES;
				CLANG_WARN_NON_LITERAL_NULL_CONVERSION = YES;
				CLANG_WARN_OBJC_IMPLICIT_RETAIN_SELF = YES;
				CLANG_WARN_OBJC_LITERAL_CONVERSION = YES;
				CLANG_WARN_OBJC_ROOT_CLASS = YES_ERROR;
				CLANG_WARN_RANGE_LOOP_ANALYSIS = YES;
				CLANG_WARN_STRICT_PROTOTYPES = YES;
				CLANG_WARN_SUSPICIOUS_MOVE = YES;
				CLANG_WARN_UNGUARDED_AVAILABILITY = YES_AGGRESSIVE;
				CLANG_WARN_UNREACHABLE_CODE = YES;
				CLANG_WARN__DUPLICATE_METHOD_MATCH = YES;
				CODE_SIGN_IDENTITY = "iPhone Developer";
				COPY_PHASE_STRIP = NO;
				DEBUG_INFORMATION_FORMAT = "dwarf-with-dsym";
				ENABLE_NS_ASSERTIONS = NO;
				ENABLE_STRICT_OBJC_MSGSEND = YES;
				GCC_C_LANGUAGE_STANDARD = gnu11;
				GCC_NO_COMMON_BLOCKS = YES;
				GCC_WARN_64_TO_32_BIT_CONVERSION = YES;
				GCC_WARN_ABOUT_RETURN_TYPE = YES_ERROR;
				GCC_WARN_UNDECLARED_SELECTOR = YES;
				GCC_WARN_UNINITIALIZED_AUTOS = YES_AGGRESSIVE;
				GCC_WARN_UNUSED_FUNCTION = YES;
				GCC_WARN_UNUSED_VARIABLE = YES;
				IPHONEOS_DEPLOYMENT_TARGET = 12.1;
				MTL_ENABLE_DEBUG_INFO = NO;
				MTL_FAST_MATH = YES;
				SDKROOT = iphoneos;
				SWIFT_COMPILATION_MODE = wholemodule;
				SWIFT_OPTIMIZATION_LEVEL = "-O";
				VALIDATE_PRODUCT = YES;
			};
			name = Release;
		};
		592DBA502602E5B600AA650A /* Debug */ = {
			isa = XCBuildConfiguration;
			buildSettings = {
				ASSETCATALOG_COMPILER_APPICON_NAME = AppIcon;
				CODE_SIGN_STYLE = Automatic;
				INFOPLIST_FILE = "Alura Viagens/Info.plist";
				LD_RUNPATH_SEARCH_PATHS = (
					"$(inherited)",
					"@executable_path/Frameworks",
				);
				PRODUCT_BUNDLE_IDENTIFIER = "alura.Alura-Viagens";
				PRODUCT_NAME = "$(TARGET_NAME)";
				SWIFT_VERSION = 4.2;
				TARGETED_DEVICE_FAMILY = "1,2";
			};
			name = Debug;
		};
		592DBA512602E5B600AA650A /* Release */ = {
			isa = XCBuildConfiguration;
			buildSettings = {
				ASSETCATALOG_COMPILER_APPICON_NAME = AppIcon;
				CODE_SIGN_STYLE = Automatic;
				INFOPLIST_FILE = "Alura Viagens/Info.plist";
				LD_RUNPATH_SEARCH_PATHS = (
					"$(inherited)",
					"@executable_path/Frameworks",
				);
				PRODUCT_BUNDLE_IDENTIFIER = "alura.Alura-Viagens";
				PRODUCT_NAME = "$(TARGET_NAME)";
				SWIFT_VERSION = 4.2;
				TARGETED_DEVICE_FAMILY = "1,2";
			};
			name = Release;
		};
/* End XCBuildConfiguration section */

/* Begin XCConfigurationList section */
		592DBA382602E5B400AA650A /* Build configuration list for PBXProject "Alura Viagens" */ = {
			isa = XCConfigurationList;
			buildConfigurations = (
				592DBA4D2602E5B600AA650A /* Debug */,
				592DBA4E2602E5B600AA650A /* Release */,
			);
			defaultConfigurationIsVisible = 0;
			defaultConfigurationName = Release;
		};
		592DBA4F2602E5B600AA650A /* Build configuration list for PBXNativeTarget "Alura Viagens" */ = {
			isa = XCConfigurationList;
			buildConfigurations = (
				592DBA502602E5B600AA650A /* Debug */,
				592DBA512602E5B600AA650A /* Release */,
			);
			defaultConfigurationIsVisible = 0;
			defaultConfigurationName = Release;
		};
/* End XCConfigurationList section */
	};
	rootObject = 592DBA352602E5B400AA650A /* Project object */;
}
